#MicroXplorer Configuration settings - do not modify
ADC1.Channel-1\#ChannelRegularConversion=ADC_CHANNEL_0
ADC1.Channel-2\#ChannelRegularConversion=ADC_CHANNEL_1
ADC1.Channel-3\#ChannelRegularConversion=ADC_CHANNEL_4
ADC1.ClockPrescaler=ADC_CLOCK_SYNC_PCLK_DIV8
ADC1.ContinuousConvMode=ENABLE
ADC1.IPParameters=Rank-1\#ChannelRegularConversion,master,Channel-1\#ChannelRegularConversion,SamplingTime-1\#ChannelRegularConversion,NbrOfConversionFlag,ClockPrescaler,Rank-2\#ChannelRegularConversion,Channel-2\#ChannelRegularConversion,SamplingTime-2\#ChannelRegularConversion,Rank-3\#ChannelRegularConversion,Channel-3\#ChannelRegularConversion,SamplingTime-3\#ChannelRegularConversion,NbrOfConversion,ContinuousConvMode
ADC1.NbrOfConversion=3
ADC1.NbrOfConversionFlag=1
ADC1.Rank-1\#ChannelRegularConversion=1
ADC1.Rank-2\#ChannelRegularConversion=2
ADC1.Rank-3\#ChannelRegularConversion=3
ADC1.SamplingTime-1\#ChannelRegularConversion=ADC_SAMPLETIME_3CYCLES
ADC1.SamplingTime-2\#ChannelRegularConversion=ADC_SAMPLETIME_3CYCLES
ADC1.SamplingTime-3\#ChannelRegularConversion=ADC_SAMPLETIME_3CYCLES
ADC1.master=1
CAD.formats=
CAD.pinconfig=
CAD.provider=
Dma.ADC1.2.Direction=DMA_PERIPH_TO_MEMORY
Dma.ADC1.2.FIFOMode=DMA_FIFOMODE_DISABLE
Dma.ADC1.2.Instance=DMA2_Stream0
Dma.ADC1.2.MemDataAlignment=DMA_MDATAALIGN_WORD
Dma.ADC1.2.MemInc=DMA_MINC_ENABLE
Dma.ADC1.2.Mode=DMA_CIRCULAR
Dma.ADC1.2.PeriphDataAlignment=DMA_PDATAALIGN_WORD
Dma.ADC1.2.PeriphInc=DMA_PINC_DISABLE
Dma.ADC1.2.Priority=DMA_PRIORITY_LOW
Dma.ADC1.2.RequestParameters=Instance,Direction,PeriphInc,MemInc,PeriphDataAlignment,MemDataAlignment,Mode,Priority,FIFOMode
Dma.Request0=USART1_RX
Dma.Request1=USART1_TX
Dma.Request2=ADC1
Dma.RequestsNb=3
Dma.USART1_RX.0.Direction=DMA_PERIPH_TO_MEMORY
Dma.USART1_RX.0.FIFOMode=DMA_FIFOMODE_DISABLE
Dma.USART1_RX.0.Instance=DMA2_Stream2
Dma.USART1_RX.0.MemDataAlignment=DMA_MDATAALIGN_BYTE
Dma.USART1_RX.0.MemInc=DMA_MINC_ENABLE
Dma.USART1_RX.0.Mode=DMA_NORMAL
Dma.USART1_RX.0.PeriphDataAlignment=DMA_PDATAALIGN_BYTE
Dma.USART1_RX.0.PeriphInc=DMA_PINC_DISABLE
Dma.USART1_RX.0.Priority=DMA_PRIORITY_LOW
Dma.USART1_RX.0.RequestParameters=Instance,Direction,PeriphInc,MemInc,PeriphDataAlignment,MemDataAlignment,Mode,Priority,FIFOMode
Dma.USART1_TX.1.Direction=DMA_MEMORY_TO_PERIPH
Dma.USART1_TX.1.FIFOMode=DMA_FIFOMODE_DISABLE
Dma.USART1_TX.1.Instance=DMA2_Stream7
Dma.USART1_TX.1.MemDataAlignment=DMA_MDATAALIGN_BYTE
Dma.USART1_TX.1.MemInc=DMA_MINC_ENABLE
Dma.USART1_TX.1.Mode=DMA_NORMAL
Dma.USART1_TX.1.PeriphDataAlignment=DMA_PDATAALIGN_BYTE
Dma.USART1_TX.1.PeriphInc=DMA_PINC_DISABLE
Dma.USART1_TX.1.Priority=DMA_PRIORITY_LOW
Dma.USART1_TX.1.RequestParameters=Instance,Direction,PeriphInc,MemInc,PeriphDataAlignment,MemDataAlignment,Mode,Priority,FIFOMode
FATFS.IPParameters=_MAX_SS,_FS_TINY,_USE_LFN
FATFS._FS_TINY=0
FATFS._MAX_SS=4096
FATFS._USE_LFN=1
File.Version=6
GPIO.groupedBy=Group By Peripherals
KeepUserPlacement=false
Mcu.CPN=STM32F401RET6
Mcu.Family=STM32F4
Mcu.IP0=ADC1
Mcu.IP1=DMA
Mcu.IP10=TIM2
Mcu.IP11=TIM3
Mcu.IP12=TIM4
Mcu.IP13=TIM5
Mcu.IP14=TIM9
Mcu.IP15=TIM10
Mcu.IP16=TIM11
Mcu.IP17=USART1
Mcu.IP18=USART2
Mcu.IP2=FATFS
Mcu.IP3=I2C1
Mcu.IP4=NVIC
Mcu.IP5=RCC
Mcu.IP6=SPI1
Mcu.IP7=SPI2
Mcu.IP8=SPI3
Mcu.IP9=SYS
Mcu.IPNb=19
Mcu.Name=STM32F401R(D-E)Tx
Mcu.Package=LQFP64
Mcu.Pin0=PC13-ANTI_TAMP
Mcu.Pin1=PC14-OSC32_IN
Mcu.Pin10=PA1
Mcu.Pin11=PA2
Mcu.Pin12=PA3
Mcu.Pin13=PA4
Mcu.Pin14=PA5
Mcu.Pin15=PA6
Mcu.Pin16=PA7
Mcu.Pin17=PC4
Mcu.Pin18=PC5
Mcu.Pin19=PB10
Mcu.Pin2=PC15-OSC32_OUT
Mcu.Pin20=PC6
Mcu.Pin21=PC7
Mcu.Pin22=PC8
Mcu.Pin23=PC9
Mcu.Pin24=PA9
Mcu.Pin25=PA10
Mcu.Pin26=PA11
Mcu.Pin27=PA12
Mcu.Pin28=PA13
Mcu.Pin29=PA14
Mcu.Pin3=PH0 - OSC_IN
Mcu.Pin30=PC10
Mcu.Pin31=PC12
Mcu.Pin32=PD2
Mcu.Pin33=PB3
Mcu.Pin34=PB7
Mcu.Pin35=PB8
Mcu.Pin36=PB9
Mcu.Pin37=VP_FATFS_VS_Generic
Mcu.Pin38=VP_SYS_VS_Systick
Mcu.Pin39=VP_TIM2_VS_ClockSourceINT
Mcu.Pin4=PH1 - OSC_OUT
Mcu.Pin40=VP_TIM3_VS_ClockSourceINT
Mcu.Pin41=VP_TIM4_VS_ClockSourceINT
Mcu.Pin42=VP_TIM5_VS_ClockSourceINT
Mcu.Pin43=VP_TIM9_VS_ClockSourceINT
Mcu.Pin44=VP_TIM10_VS_ClockSourceINT
Mcu.Pin45=VP_TIM11_VS_ClockSourceINT
Mcu.Pin5=PC0
Mcu.Pin6=PC1
Mcu.Pin7=PC2
Mcu.Pin8=PC3
Mcu.Pin9=PA0-WKUP
Mcu.PinsNb=46
Mcu.ThirdPartyNb=0
Mcu.UserConstants=
Mcu.UserName=STM32F401RETx
MxCube.Version=6.8.0
MxDb.Version=DB.6.0.80
NVIC.BusFault_IRQn=true\:0\:0\:false\:false\:true\:false\:false\:false
NVIC.DMA2_Stream0_IRQn=true\:2\:0\:true\:false\:true\:false\:true\:true
NVIC.DMA2_Stream2_IRQn=true\:2\:0\:true\:false\:true\:false\:true\:true
NVIC.DMA2_Stream7_IRQn=true\:2\:0\:true\:false\:true\:false\:true\:true
NVIC.DebugMonitor_IRQn=true\:0\:0\:false\:false\:true\:false\:false\:false
NVIC.EXTI15_10_IRQn=true\:1\:0\:true\:false\:true\:true\:true\:true
NVIC.EXTI9_5_IRQn=true\:1\:0\:true\:false\:true\:true\:true\:true
NVIC.ForceEnableDMAVector=true
NVIC.HardFault_IRQn=true\:0\:0\:false\:false\:true\:false\:false\:false
NVIC.MemoryManagement_IRQn=true\:0\:0\:false\:false\:true\:false\:false\:false
NVIC.NonMaskableInt_IRQn=true\:0\:0\:false\:false\:true\:false\:false\:false
NVIC.PendSV_IRQn=true\:0\:0\:false\:false\:true\:false\:false\:false
NVIC.PriorityGroup=NVIC_PRIORITYGROUP_2
NVIC.SVCall_IRQn=true\:0\:0\:false\:false\:true\:false\:false\:false
NVIC.SysTick_IRQn=true\:0\:0\:false\:false\:true\:true\:true\:false
NVIC.TIM1_BRK_TIM9_IRQn=true\:2\:0\:true\:false\:true\:true\:true\:true
NVIC.TIM1_TRG_COM_TIM11_IRQn=true\:1\:0\:true\:false\:true\:true\:true\:true
NVIC.TIM1_UP_TIM10_IRQn=true\:1\:0\:true\:false\:true\:true\:true\:true
NVIC.TIM2_IRQn=true\:2\:0\:true\:false\:true\:true\:true\:true
NVIC.TIM3_IRQn=true\:2\:0\:true\:false\:true\:true\:true\:true
NVIC.TIM4_IRQn=true\:1\:0\:true\:false\:true\:true\:true\:true
NVIC.TIM5_IRQn=true\:2\:0\:true\:false\:true\:true\:true\:true
NVIC.USART1_IRQn=true\:1\:0\:true\:false\:true\:true\:true\:true
NVIC.UsageFault_IRQn=true\:0\:0\:false\:false\:true\:false\:false\:false
PA0-WKUP.GPIOParameters=GPIO_Label
PA0-WKUP.GPIO_Label=ULTRA_RIGHT_ADC
PA0-WKUP.Locked=true
PA0-WKUP.Signal=ADCx_IN0
PA1.GPIOParameters=GPIO_Label
PA1.GPIO_Label=ULTRA_LEFT_ADC
PA1.Locked=true
PA1.Signal=ADCx_IN1
PA10.GPIOParameters=GPIO_Label
PA10.GPIO_Label=XBEE_RX
PA10.Mode=Asynchronous
PA10.Signal=USART1_RX
PA11.GPIOParameters=GPIO_Label
PA11.GPIO_Label=XBEE_CTS
PA11.Mode=CTS_RTS
PA11.Signal=USART1_CTS
PA12.GPIOParameters=GPIO_Label
PA12.GPIO_Label=XBEE_RTS
PA12.Mode=CTS_RTS
PA12.Signal=USART1_RTS
PA13.GPIOParameters=GPIO_Label
PA13.GPIO_Label=TMS
PA13.Locked=true
PA13.Mode=Serial_Wire
PA13.Signal=SYS_JTMS-SWDIO
PA14.GPIOParameters=GPIO_Label
PA14.GPIO_Label=TCK
PA14.Locked=true
PA14.Mode=Serial_Wire
PA14.Signal=SYS_JTCK-SWCLK
PA2.GPIOParameters=GPIO_Speed,GPIO_PuPd,GPIO_Label,GPIO_Mode
PA2.GPIO_Label=DEBUG_USART_TX
PA2.GPIO_Mode=GPIO_MODE_AF_PP
PA2.GPIO_PuPd=GPIO_NOPULL
PA2.GPIO_Speed=GPIO_SPEED_FREQ_LOW
PA2.Locked=true
PA2.Mode=Asynchronous
PA2.Signal=USART2_TX
PA3.GPIOParameters=GPIO_Speed,GPIO_PuPd,GPIO_Label,GPIO_Mode
PA3.GPIO_Label=DEBUG_USART_RX
PA3.GPIO_Mode=GPIO_MODE_AF_PP
PA3.GPIO_PuPd=GPIO_NOPULL
PA3.GPIO_Speed=GPIO_SPEED_FREQ_LOW
PA3.Locked=true
PA3.Mode=Asynchronous
PA3.Signal=USART2_RX
PA4.GPIOParameters=GPIO_Label
PA4.GPIO_Label=ULTRA_CENTER_ADC
PA4.Locked=true
PA4.Signal=ADCx_IN4
PA5.GPIOParameters=GPIO_Label
PA5.GPIO_Label=CAM_SCK
PA5.Mode=Full_Duplex_Master
PA5.Signal=SPI1_SCK
PA6.GPIOParameters=GPIO_Label
PA6.GPIO_Label=CAM_MISO
PA6.Mode=Full_Duplex_Master
PA6.Signal=SPI1_MISO
PA7.GPIOParameters=GPIO_Label
PA7.GPIO_Label=CAM_MOSI
PA7.Mode=Full_Duplex_Master
PA7.Signal=SPI1_MOSI
PA9.GPIOParameters=GPIO_Label
PA9.GPIO_Label=XBEE_TX
PA9.Mode=Asynchronous
PA9.Signal=USART1_TX
PB10.GPIOParameters=GPIO_PuPd,GPIO_Label
PB10.GPIO_Label=SD_SPI2_SCK
PB10.GPIO_PuPd=GPIO_PULLUP
PB10.Mode=Full_Duplex_Master
PB10.Signal=SPI2_SCK
PB3.GPIOParameters=GPIO_Label
PB3.GPIO_Label=SWO
PB3.Locked=true
PB3.Signal=SYS_JTDO-SWO
PB7.GPIOParameters=GPIO_Label,GPIO_ModeDefaultEXTI
PB7.GPIO_Label=BTN_INT
PB7.GPIO_ModeDefaultEXTI=GPIO_MODE_IT_FALLING
PB7.Locked=true
PB7.Signal=GPXTI7
PB8.Locked=true
PB8.Mode=I2C
PB8.Signal=I2C1_SCL
PB9.Locked=true
PB9.Mode=I2C
PB9.Signal=I2C1_SDA
PC0.GPIOParameters=GPIO_PuPd,GPIO_Label,GPIO_ModeDefaultOutputPP
PC0.GPIO_Label=HEADLAMP_OUT
PC0.GPIO_ModeDefaultOutputPP=GPIO_MODE_OUTPUT_OD
PC0.GPIO_PuPd=GPIO_NOPULL
PC0.Locked=true
PC0.Signal=GPIO_Output
PC1.GPIOParameters=GPIO_PuPd,GPIO_Label
PC1.GPIO_Label=SD_CS
PC1.GPIO_PuPd=GPIO_PULLUP
PC1.Locked=true
PC1.Signal=GPIO_Output
PC10.GPIOParameters=GPIO_Label
PC10.GPIO_Label=DAC_SCK
PC10.Mode=TX_Only_Simplex_Unidirect_Master
PC10.Signal=SPI3_SCK
PC12.GPIOParameters=GPIO_Label
PC12.GPIO_Label=DAC_MOSI
PC12.Mode=TX_Only_Simplex_Unidirect_Master
PC12.Signal=SPI3_MOSI
PC13-ANTI_TAMP.GPIOParameters=GPIO_PuPd,GPIO_Label,GPIO_ModeDefaultEXTI
PC13-ANTI_TAMP.GPIO_Label=B1 [Blue PushButton]
PC13-ANTI_TAMP.GPIO_ModeDefaultEXTI=GPIO_MODE_IT_FALLING
PC13-ANTI_TAMP.GPIO_PuPd=GPIO_NOPULL
PC13-ANTI_TAMP.Locked=true
PC13-ANTI_TAMP.Signal=GPXTI13
PC14-OSC32_IN.Locked=true
PC14-OSC32_IN.Signal=RCC_OSC32_IN
PC15-OSC32_OUT.Locked=true
PC15-OSC32_OUT.Signal=RCC_OSC32_OUT
PC2.GPIOParameters=GPIO_PuPd,GPIO_Label
PC2.GPIO_Label=SD_MISO
PC2.GPIO_PuPd=GPIO_PULLUP
PC2.Mode=Full_Duplex_Master
PC2.Signal=SPI2_MISO
PC3.GPIOParameters=GPIO_PuPd,GPIO_Label
PC3.GPIO_Label=SD_MOSI
PC3.GPIO_PuPd=GPIO_PULLUP
PC3.Locked=true
PC3.Mode=Full_Duplex_Master
PC3.Signal=SPI2_MOSI
PC4.GPIOParameters=GPIO_Label
PC4.GPIO_Label=CAM_CS
PC4.Locked=true
PC4.Signal=GPIO_Output
PC5.GPIOParameters=GPIO_Label
PC5.GPIO_Label=AMP_ENABLE
PC5.Locked=true
PC5.Signal=GPIO_Output
PC6.GPIOParameters=GPIO_Label
PC6.GPIO_Label=LEFT_HAPTIC
PC6.Locked=true
PC6.Signal=S_TIM3_CH1
PC7.GPIOParameters=GPIO_Label
PC7.GPIO_Label=CENTER_HAPTIC
PC7.Locked=true
PC7.Signal=S_TIM3_CH2
PC8.GPIOParameters=GPIO_Label
PC8.GPIO_Label=RIGHT_HAPTIC
PC8.Locked=true
PC8.Signal=S_TIM3_CH3
PC9.GPIOParameters=GPIO_Label
PC9.GPIO_Label=IMU_INT
PC9.Locked=true
PC9.Signal=GPXTI9
PD2.GPIOParameters=GPIO_Label
PD2.GPIO_Label=DAC_CS
PD2.Locked=true
PD2.Signal=GPIO_Output
PH0\ -\ OSC_IN.Locked=true
PH0\ -\ OSC_IN.Signal=RCC_OSC_IN
PH1\ -\ OSC_OUT.Locked=true
PH1\ -\ OSC_OUT.Signal=RCC_OSC_OUT
PinOutPanel.RotationAngle=0
ProjectManager.AskForMigrate=true
ProjectManager.BackupPrevious=false
ProjectManager.CompilerOptimize=6
ProjectManager.ComputerToolchain=false
ProjectManager.CoupleFile=false
ProjectManager.CustomerFirmwarePackage=
ProjectManager.DefaultFWLocation=true
ProjectManager.DeletePrevious=true
ProjectManager.DeviceId=STM32F401RETx
ProjectManager.FirmwarePackage=STM32Cube FW_F4 V1.27.1
ProjectManager.FreePins=false
ProjectManager.HalAssertFull=false
ProjectManager.HeapSize=0x200
ProjectManager.KeepUserCode=true
ProjectManager.LastFirmware=true
ProjectManager.LibraryCopy=1
ProjectManager.MainLocation=Core/Src
ProjectManager.NoMain=false
ProjectManager.PreviousToolchain=
ProjectManager.ProjectBuild=false
ProjectManager.ProjectFileName=enhanced-helmet.ioc
ProjectManager.ProjectName=enhanced-helmet
ProjectManager.ProjectStructure=
ProjectManager.RegisterCallBack=
ProjectManager.StackSize=0x400
ProjectManager.TargetToolchain=STM32CubeIDE
ProjectManager.ToolChainLocation=
ProjectManager.UnderRoot=true
ProjectManager.functionlistsort=1-SystemClock_Config-RCC-false-HAL-false,2-MX_GPIO_Init-GPIO-false-HAL-true,3-MX_DMA_Init-DMA-false-HAL-true,4-MX_I2C1_Init-I2C1-false-HAL-true,5-MX_SPI2_Init-SPI2-false-HAL-true,6-MX_USART2_UART_Init-USART2-false-HAL-true,7-MX_FATFS_Init-FATFS-false-HAL-false,8-MX_ADC1_Init-ADC1-false-HAL-true,9-MX_SPI1_Init-SPI1-false-HAL-true,10-MX_SPI3_Init-SPI3-false-HAL-true,11-MX_TIM2_Init-TIM2-false-HAL-true,12-MX_USART1_UART_Init-USART1-false-HAL-true,13-MX_TIM3_Init-TIM3-false-HAL-true,14-MX_TIM10_Init-TIM10-false-HAL-true,15-MX_TIM4_Init-TIM4-false-HAL-true,16-MX_TIM11_Init-TIM11-false-HAL-true,17-MX_TIM9_Init-TIM9-false-HAL-true,18-MX_TIM5_Init-TIM5-false-HAL-true
RCC.AHBFreq_Value=84000000
RCC.APB1CLKDivider=RCC_HCLK_DIV2
RCC.APB1Freq_Value=42000000
RCC.APB1TimFreq_Value=84000000
RCC.APB2Freq_Value=84000000
RCC.APB2TimFreq_Value=84000000
RCC.CortexFreq_Value=84000000
RCC.FCLKCortexFreq_Value=84000000
RCC.HCLKFreq_Value=84000000
RCC.HSE_VALUE=8000000
RCC.HSI_VALUE=16000000
RCC.I2SClocksFreq_Value=96000000
RCC.IPParameters=AHBFreq_Value,APB1CLKDivider,APB1Freq_Value,APB1TimFreq_Value,APB2Freq_Value,APB2TimFreq_Value,CortexFreq_Value,FCLKCortexFreq_Value,HCLKFreq_Value,HSE_VALUE,HSI_VALUE,I2SClocksFreq_Value,LSE_VALUE,LSI_VALUE,MCO2PinFreq_Value,PLLCLKFreq_Value,PLLN,PLLP,PLLQ,PLLQCLKFreq_Value,RTCFreq_Value,RTCHSEDivFreq_Value,SYSCLKFreq_VALUE,SYSCLKSource,VCOI2SOutputFreq_Value,VCOInputFreq_Value,VCOOutputFreq_Value,VcooutputI2S
RCC.LSE_VALUE=32768
RCC.LSI_VALUE=32000
RCC.MCO2PinFreq_Value=84000000
RCC.PLLCLKFreq_Value=84000000
RCC.PLLN=336
RCC.PLLP=RCC_PLLP_DIV4
RCC.PLLQ=7
RCC.PLLQCLKFreq_Value=48000000
RCC.RTCFreq_Value=32000
RCC.RTCHSEDivFreq_Value=4000000
RCC.SYSCLKFreq_VALUE=84000000
RCC.SYSCLKSource=RCC_SYSCLKSOURCE_PLLCLK
RCC.VCOI2SOutputFreq_Value=192000000
RCC.VCOInputFreq_Value=1000000
RCC.VCOOutputFreq_Value=336000000
RCC.VcooutputI2S=96000000
SH.ADCx_IN0.0=ADC1_IN0,IN0
SH.ADCx_IN0.ConfNb=1
SH.ADCx_IN1.0=ADC1_IN1,IN1
SH.ADCx_IN1.ConfNb=1
SH.ADCx_IN4.0=ADC1_IN4,IN4
SH.ADCx_IN4.ConfNb=1
SH.GPXTI13.0=GPIO_EXTI13
SH.GPXTI13.ConfNb=1
SH.GPXTI7.0=GPIO_EXTI7
SH.GPXTI7.ConfNb=1
SH.GPXTI9.0=GPIO_EXTI9
SH.GPXTI9.ConfNb=1
SH.S_TIM3_CH1.0=TIM3_CH1,PWM Generation1 CH1
SH.S_TIM3_CH1.ConfNb=1
SH.S_TIM3_CH2.0=TIM3_CH2,PWM Generation2 CH2
SH.S_TIM3_CH2.ConfNb=1
SH.S_TIM3_CH3.0=TIM3_CH3,PWM Generation3 CH3
SH.S_TIM3_CH3.ConfNb=1
SPI1.BaudRatePrescaler=SPI_BAUDRATEPRESCALER_8
SPI1.Direction=SPI_DIRECTION_2LINES
SPI1.IPParameters=VirtualType,Mode,Direction,BaudRatePrescaler
SPI1.Mode=SPI_MODE_MASTER
SPI1.VirtualType=VM_MASTER
SPI2.BaudRatePrescaler=SPI_BAUDRATEPRESCALER_8
SPI2.Direction=SPI_DIRECTION_2LINES
SPI2.IPParameters=VirtualType,Mode,Direction,BaudRatePrescaler
SPI2.Mode=SPI_MODE_MASTER
SPI2.VirtualType=VM_MASTER
SPI3.BaudRatePrescaler=SPI_BAUDRATEPRESCALER_4
SPI3.DataSize=SPI_DATASIZE_16BIT
SPI3.Direction=SPI_DIRECTION_2LINES
SPI3.IPParameters=VirtualType,Mode,Direction,DataSize,BaudRatePrescaler
SPI3.Mode=SPI_MODE_MASTER
SPI3.VirtualType=VM_MASTER
TIM10.IPParameters=Prescaler,Period
TIM10.Period=20000
TIM10.Prescaler=8399
TIM11.IPParameters=Prescaler
TIM11.Prescaler=8399
TIM2.IPParameters=Prescaler,Period
TIM2.Period=610000
TIM2.Prescaler=8399
TIM3.Channel-PWM\ Generation1\ CH1=TIM_CHANNEL_1
TIM3.Channel-PWM\ Generation2\ CH2=TIM_CHANNEL_2
TIM3.Channel-PWM\ Generation3\ CH3=TIM_CHANNEL_3
TIM3.IPParameters=Prescaler,Period,Channel-PWM Generation3 CH3,Channel-PWM Generation2 CH2,Channel-PWM Generation1 CH1
TIM3.Period=1000
TIM3.Prescaler=439
TIM4.AutoReloadPreload=TIM_AUTORELOAD_PRELOAD_ENABLE
TIM4.IPParameters=Prescaler,Period,AutoReloadPreload
TIM4.Period=7619
TIM4.Prescaler=0
TIM5.IPParameters=Prescaler,Period
TIM5.Period=1000 - 1
TIM5.Prescaler=8400 - 1
TIM9.AutoReloadPreload=TIM_AUTORELOAD_PRELOAD_DISABLE
TIM9.IPParameters=Prescaler,Period,AutoReloadPreload
TIM9.Period=65535
TIM9.Prescaler=8399
USART1.IPParameters=VirtualMode,Parity,WordLength
USART1.Parity=PARITY_NONE
USART1.VirtualMode=VM_ASYNC
USART1.WordLength=WORDLENGTH_8B
USART2.IPParameters=VirtualMode
USART2.VirtualMode=VM_ASYNC
VP_FATFS_VS_Generic.Mode=User_defined
VP_FATFS_VS_Generic.Signal=FATFS_VS_Generic
VP_SYS_VS_Systick.Mode=SysTick
VP_SYS_VS_Systick.Signal=SYS_VS_Systick
VP_TIM10_VS_ClockSourceINT.Mode=Enable_Timer
VP_TIM10_VS_ClockSourceINT.Signal=TIM10_VS_ClockSourceINT
VP_TIM11_VS_ClockSourceINT.Mode=Enable_Timer
VP_TIM11_VS_ClockSourceINT.Signal=TIM11_VS_ClockSourceINT
VP_TIM2_VS_ClockSourceINT.Mode=Internal
VP_TIM2_VS_ClockSourceINT.Signal=TIM2_VS_ClockSourceINT
VP_TIM3_VS_ClockSourceINT.Mode=Internal
VP_TIM3_VS_ClockSourceINT.Signal=TIM3_VS_ClockSourceINT
VP_TIM4_VS_ClockSourceINT.Mode=Internal
VP_TIM4_VS_ClockSourceINT.Signal=TIM4_VS_ClockSourceINT
VP_TIM5_VS_ClockSourceINT.Mode=Internal
VP_TIM5_VS_ClockSourceINT.Signal=TIM5_VS_ClockSourceINT
VP_TIM9_VS_ClockSourceINT.Mode=Internal
VP_TIM9_VS_ClockSourceINT.Signal=TIM9_VS_ClockSourceINT
board=NUCLEO-F401RE
boardIOC=true
isbadioc=false
